{
  "name": "hamsternodejs",
  "version": "1.0.0",
  "lockfileVersion": 1,
  "requires": true,
  "dependencies": {
    "debug": {
      "version": "2.6.9",
      "resolved": "https://registry.npmjs.org/debug/-/debug-2.6.9.tgz",
      "integrity": "sha512-bC7ElrdJaJnPbAP+1EotYvqZsb3ecl5wi6Bfi6BJTUcNowp6cvspg0jXznRTKDjm/E7AdgFBVeAPVMNcKGsHMA==",
      "requires": {
        "ms": "2.0.0"
      },
      "dependencies": {
        "ms": {
          "version": "2.0.0",
          "resolved": "https://registry.npmjs.org/ms/-/ms-2.0.0.tgz",
          "integrity": "sha1-VgiurfwAvmwpAd9fmGF4jeDVl8g="
        }
      }
    },
    "is-typedarray": {
      "version": "1.0.0",
      "resolved": "https://registry.npmjs.org/is-typedarray/-/is-typedarray-1.0.0.tgz",
      "integrity": "sha1-5HnICFjfDBsR3dppQPlgEfzaSpo="
    },
    "nan": {
      "version": "2.5.1",
      "resolved": "https://registry.npmjs.org/nan/-/nan-2.5.1.tgz",
      "integrity": "sha1-1bAWkSUzJql6K77p5hxV2NYDUeI="
    },
    "typedarray-to-buffer": {
      "version": "3.1.2",
      "resolved": "https://registry.npmjs.org/typedarray-to-buffer/-/typedarray-to-buffer-3.1.2.tgz",
      "integrity": "sha1-EBezLZhP9VbroQD1AViauhrOLgQ=",
      "requires": {
        "is-typedarray": "^1.0.0"
      }
    },
    "ultron": {
      "version": "1.1.0",
      "resolved": "https://registry.npmjs.org/ultron/-/ultron-1.1.0.tgz",
      "integrity": "sha1-sHoualQagV/Go0zNRTO67DB8qGQ="
    },
    "uws": {
      "version": "10.148.1",
      "resolved": "https://registry.npmjs.org/uws/-/uws-10.148.1.tgz",
      "integrity": "sha1-/Rp5z2EYo4jgob7YoTlwMNLE/Sw="
    },
    "websocket": {
      "version": "1.0.24",
      "resolved": "https://registry.npmjs.org/websocket/-/websocket-1.0.24.tgz",
      "integrity": "sha1-dJA+dfJUW2suHeFCW8HJBZF6GJA=",
      "requires": {
        "debug": "^2.2.0",
        "nan": "^2.3.3",
        "typedarray-to-buffer": "^3.1.2",
        "yaeti": "^0.0.6"
      }
    },
    "ws": {
      "version": "2.1.0",
      "resolved": "https://registry.npmjs.org/ws/-/ws-2.1.0.tgz",
      "integrity": "sha1-sk6u2WCfhjLdUeP3aYYZqQ/dzJI=",
      "requires": {
        "ultron": "~1.1.0"
      }
    },
    "yaeti": {
      "version": "0.0.6",
      "resolved": "https://registry.npmjs.org/yaeti/-/yaeti-0.0.6.tgz",
      "integrity": "sha1-8m9ITXJoTPQr7ft2lwqhYI+/lXc="
    }
  }
}
